
Microsoft Visual Studio Solution File, Format Version 12.00
# Visual Studio Version 17
VisualStudioVersion = 17.7.34202.233
MinimumVisualStudioVersion = 10.0.40219.1
Project("{FAE04EC0-301F-11D3-BF4B-00C04F79EFBC}") = "BankaUygulamasi", "BankaUygulamasi\BankaUygulamasi.csproj", "{0E56E9CD-471F-47F3-8877-6A28A31EDFDF}"
EndProject
Global
	GlobalSection(SolutionConfigurationPlatforms) = preSolution
		Debug|Any CPU = Debug|Any CPU
		Release|Any CPU = Release|Any CPU
	EndGlobalSection
	GlobalSection(ProjectConfigurationPlatforms) = postSolution
		{0E56E9CD-471F-47F3-8877-6A28A31EDFDF}.Debug|Any CPU.ActiveCfg = Debug|Any CPU
		{0E56E9CD-471F-47F3-8877-6A28A31EDFDF}.Debug|Any CPU.Build.0 = Debug|Any CPU
		{0E56E9CD-471F-47F3-8877-6A28A31EDFDF}.Release|Any CPU.ActiveCfg = Release|Any CPU
		{0E56E9CD-471F-47F3-8877-6A28A31EDFDF}.Release|Any CPU.Build.0 = Release|Any CPU
	EndGlobalSection
	GlobalSection(SolutionProperties) = preSolution
		HideSolutionNode = FALSE
	EndGlobalSection
	GlobalSection(ExtensibilityGlobals) = postSolution
		SolutionGuid = {7DE417D9-2B8F-4DE4-873B-520191636301}
	EndGlobalSection
EndGlobal
